
Microsoft Visual Studio Solution File, Format Version 12.00
# Visual Studio Version 16
VisualStudioVersion = 16.0.31205.134
MinimumVisualStudioVersion = 10.0.40219.1
Project("{FAE04EC0-301F-11D3-BF4B-00C04F79EFBC}") = "Test2.UWP", "Test2\Test2.UWP\Test2.UWP.csproj", "{0AAF6EFD-EB40-4ABB-ACC2-7AEC74A4EFC1}"
EndProject
Project("{FAE04EC0-301F-11D3-BF4B-00C04F79EFBC}") = "Test2.Android", "Test2\Test2.Android\Test2.Android.csproj", "{99C01CBA-9202-4697-A471-8FA884AA32A7}"
EndProject
Project("{FAE04EC0-301F-11D3-BF4B-00C04F79EFBC}") = "Test2.iOS", "Test2\Test2.iOS\Test2.iOS.csproj", "{68A7B7B3-C125-42CF-9D6F-9097D41E9FBF}"
EndProject
Project("{FAE04EC0-301F-11D3-BF4B-00C04F79EFBC}") = "Test2", "Test2\Test2\Test2.csproj", "{81616359-D1C0-4171-8FA7-86230E0598ED}"
EndProject
Global
	GlobalSection(SolutionConfigurationPlatforms) = preSolution
		Debug|Any CPU = Debug|Any CPU
		Debug|ARM = Debug|ARM
		Debug|iPhone = Debug|iPhone
		Debug|iPhoneSimulator = Debug|iPhoneSimulator
		Debug|x64 = Debug|x64
		Debug|x86 = Debug|x86
		Release|Any CPU = Release|Any CPU
		Release|ARM = Release|ARM
		Release|iPhone = Release|iPhone
		Release|iPhoneSimulator = Release|iPhoneSimulator
		Release|x64 = Release|x64
		Release|x86 = Release|x86
	EndGlobalSection
	GlobalSection(ProjectConfigurationPlatforms) = postSolution
		{0AAF6EFD-EB40-4ABB-ACC2-7AEC74A4EFC1}.Debug|Any CPU.ActiveCfg = Debug|x86
		{0AAF6EFD-EB40-4ABB-ACC2-7AEC74A4EFC1}.Debug|Any CPU.Build.0 = Debug|x86
		{0AAF6EFD-EB40-4ABB-ACC2-7AEC74A4EFC1}.Debug|Any CPU.Deploy.0 = Debug|x86
		{0AAF6EFD-EB40-4ABB-ACC2-7AEC74A4EFC1}.Debug|ARM.ActiveCfg = Debug|ARM
		{0AAF6EFD-EB40-4ABB-ACC2-7AEC74A4EFC1}.Debug|ARM.Build.0 = Debug|ARM
		{0AAF6EFD-EB40-4ABB-ACC2-7AEC74A4EFC1}.Debug|ARM.Deploy.0 = Debug|ARM
		{0AAF6EFD-EB40-4ABB-ACC2-7AEC74A4EFC1}.Debug|iPhone.ActiveCfg = Debug|x86
		{0AAF6EFD-EB40-4ABB-ACC2-7AEC74A4EFC1}.Debug|iPhone.Build.0 = Debug|x86
		{0AAF6EFD-EB40-4ABB-ACC2-7AEC74A4EFC1}.Debug|iPhone.Deploy.0 = Debug|x86
		{0AAF6EFD-EB40-4ABB-ACC2-7AEC74A4EFC1}.Debug|iPhoneSimulator.ActiveCfg = Debug|x86
		{0AAF6EFD-EB40-4ABB-ACC2-7AEC74A4EFC1}.Debug|iPhoneSimulator.Build.0 = Debug|x86
		{0AAF6EFD-EB40-4ABB-ACC2-7AEC74A4EFC1}.Debug|iPhoneSimulator.Deploy.0 = Debug|x86
		{0AAF6EFD-EB40-4ABB-ACC2-7AEC74A4EFC1}.Debug|x64.ActiveCfg = Debug|x64
		{0AAF6EFD-EB40-4ABB-ACC2-7AEC74A4EFC1}.Debug|x64.Build.0 = Debug|x64
		{0AAF6EFD-EB40-4ABB-ACC2-7AEC74A4EFC1}.Debug|x64.Deploy.0 = Debug|x64
		{0AAF6EFD-EB40-4ABB-ACC2-7AEC74A4EFC1}.Debug|x86.ActiveCfg = Debug|x86
		{0AAF6EFD-EB40-4ABB-ACC2-7AEC74A4EFC1}.Debug|x86.Build.0 = Debug|x86
		{0AAF6EFD-EB40-4ABB-ACC2-7AEC74A4EFC1}.Debug|x86.Deploy.0 = Debug|x86
		{0AAF6EFD-EB40-4ABB-ACC2-7AEC74A4EFC1}.Release|Any CPU.ActiveCfg = Release|x86
		{0AAF6EFD-EB40-4ABB-ACC2-7AEC74A4EFC1}.Release|Any CPU.Build.0 = Release|x86
		{0AAF6EFD-EB40-4ABB-ACC2-7AEC74A4EFC1}.Release|Any CPU.Deploy.0 = Release|x86
		{0AAF6EFD-EB40-4ABB-ACC2-7AEC74A4EFC1}.Release|ARM.ActiveCfg = Release|ARM
		{0AAF6EFD-EB40-4ABB-ACC2-7AEC74A4EFC1}.Release|ARM.Build.0 = Release|ARM
		{0AAF6EFD-EB40-4ABB-ACC2-7AEC74A4EFC1}.Release|ARM.Deploy.0 = Release|ARM
		{0AAF6EFD-EB40-4ABB-ACC2-7AEC74A4EFC1}.Release|iPhone.ActiveCfg = Release|x86
		{0AAF6EFD-EB40-4ABB-ACC2-7AEC74A4EFC1}.Release|iPhone.Build.0 = Release|x86
		{0AAF6EFD-EB40-4ABB-ACC2-7AEC74A4EFC1}.Release|iPhone.Deploy.0 = Release|x86
		{0AAF6EFD-EB40-4ABB-ACC2-7AEC74A4EFC1}.Release|iPhoneSimulator.ActiveCfg = Release|x86
		{0AAF6EFD-EB40-4ABB-ACC2-7AEC74A4EFC1}.Release|iPhoneSimulator.Build.0 = Release|x86
		{0AAF6EFD-EB40-4ABB-ACC2-7AEC74A4EFC1}.Release|iPhoneSimulator.Deploy.0 = Release|x86
		{0AAF6EFD-EB40-4ABB-ACC2-7AEC74A4EFC1}.Release|x64.ActiveCfg = Release|x64
		{0AAF6EFD-EB40-4ABB-ACC2-7AEC74A4EFC1}.Release|x64.Build.0 = Release|x64
		{0AAF6EFD-EB40-4ABB-ACC2-7AEC74A4EFC1}.Release|x64.Deploy.0 = Release|x64
		{0AAF6EFD-EB40-4ABB-ACC2-7AEC74A4EFC1}.Release|x86.ActiveCfg = Release|x86
		{0AAF6EFD-EB40-4ABB-ACC2-7AEC74A4EFC1}.Release|x86.Build.0 = Release|x86
		{0AAF6EFD-EB40-4ABB-ACC2-7AEC74A4EFC1}.Release|x86.Deploy.0 = Release|x86
		{99C01CBA-9202-4697-A471-8FA884AA32A7}.Debug|Any CPU.ActiveCfg = Debug|Any CPU
		{99C01CBA-9202-4697-A471-8FA884AA32A7}.Debug|Any CPU.Build.0 = Debug|Any CPU
		{99C01CBA-9202-4697-A471-8FA884AA32A7}.Debug|Any CPU.Deploy.0 = Debug|Any CPU
		{99C01CBA-9202-4697-A471-8FA884AA32A7}.Debug|ARM.ActiveCfg = Debug|Any CPU
		{99C01CBA-9202-4697-A471-8FA884AA32A7}.Debug|ARM.Build.0 = Debug|Any CPU
		{99C01CBA-9202-4697-A471-8FA884AA32A7}.Debug|ARM.Deploy.0 = Debug|Any CPU
		{99C01CBA-9202-4697-A471-8FA884AA32A7}.Debug|iPhone.ActiveCfg = Debug|Any CPU
		{99C01CBA-9202-4697-A471-8FA884AA32A7}.Debug|iPhone.Build.0 = Debug|Any CPU
		{99C01CBA-9202-4697-A471-8FA884AA32A7}.Debug|iPhone.Deploy.0 = Debug|Any CPU
		{99C01CBA-9202-4697-A471-8FA884AA32A7}.Debug|iPhoneSimulator.ActiveCfg = Debug|Any CPU
		{99C01CBA-9202-4697-A471-8FA884AA32A7}.Debug|iPhoneSimulator.Build.0 = Debug|Any CPU
		{99C01CBA-9202-4697-A471-8FA884AA32A7}.Debug|iPhoneSimulator.Deploy.0 = Debug|Any CPU
		{99C01CBA-9202-4697-A471-8FA884AA32A7}.Debug|x64.ActiveCfg = Debug|Any CPU
		{99C01CBA-9202-4697-A471-8FA884AA32A7}.Debug|x64.Build.0 = Debug|Any CPU
		{99C01CBA-9202-4697-A471-8FA884AA32A7}.Debug|x64.Deploy.0 = Debug|Any CPU
		{99C01CBA-9202-4697-A471-8FA884AA32A7}.Debug|x86.ActiveCfg = Debug|Any CPU
		{99C01CBA-9202-4697-A471-8FA884AA32A7}.Debug|x86.Build.0 = Debug|Any CPU
		{99C01CBA-9202-4697-A471-8FA884AA32A7}.Debug|x86.Deploy.0 = Debug|Any CPU
		{99C01CBA-9202-4697-A471-8FA884AA32A7}.Release|Any CPU.ActiveCfg = Release|Any CPU
		{99C01CBA-9202-4697-A471-8FA884AA32A7}.Release|Any CPU.Build.0 = Release|Any CPU
		{99C01CBA-9202-4697-A471-8FA884AA32A7}.Release|Any CPU.Deploy.0 = Release|Any CPU
		{99C01CBA-9202-4697-A471-8FA884AA32A7}.Release|ARM.ActiveCfg = Release|Any CPU
		{99C01CBA-9202-4697-A471-8FA884AA32A7}.Release|ARM.Build.0 = Release|Any CPU
		{99C01CBA-9202-4697-A471-8FA884AA32A7}.Release|ARM.Deploy.0 = Release|Any CPU
		{99C01CBA-9202-4697-A471-8FA884AA32A7}.Release|iPhone.ActiveCfg = Release|Any CPU
		{99C01CBA-9202-4697-A471-8FA884AA32A7}.Release|iPhone.Build.0 = Release|Any CPU
		{99C01CBA-9202-4697-A471-8FA884AA32A7}.Release|iPhone.Deploy.0 = Release|Any CPU
		{99C01CBA-9202-4697-A471-8FA884AA32A7}.Release|iPhoneSimulator.ActiveCfg = Release|Any CPU
		{99C01CBA-9202-4697-A471-8FA884AA32A7}.Release|iPhoneSimulator.Build.0 = Release|Any CPU
		{99C01CBA-9202-4697-A471-8FA884AA32A7}.Release|iPhoneSimulator.Deploy.0 = Release|Any CPU
		{99C01CBA-9202-4697-A471-8FA884AA32A7}.Release|x64.ActiveCfg = Release|Any CPU
		{99C01CBA-9202-4697-A471-8FA884AA32A7}.Release|x64.Build.0 = Release|Any CPU
		{99C01CBA-9202-4697-A471-8FA884AA32A7}.Release|x64.Deploy.0 = Release|Any CPU
		{99C01CBA-9202-4697-A471-8FA884AA32A7}.Release|x86.ActiveCfg = Release|Any CPU
		{99C01CBA-9202-4697-A471-8FA884AA32A7}.Release|x86.Build.0 = Release|Any CPU
		{99C01CBA-9202-4697-A471-8FA884AA32A7}.Release|x86.Deploy.0 = Release|Any CPU
		{68A7B7B3-C125-42CF-9D6F-9097D41E9FBF}.Debug|Any CPU.ActiveCfg = Debug|iPhoneSimulator
		{68A7B7B3-C125-42CF-9D6F-9097D41E9FBF}.Debug|Any CPU.Build.0 = Debug|iPhoneSimulator
		{68A7B7B3-C125-42CF-9D6F-9097D41E9FBF}.Debug|Any CPU.Deploy.0 = Debug|iPhoneSimulator
		{68A7B7B3-C125-42CF-9D6F-9097D41E9FBF}.Debug|ARM.ActiveCfg = Debug|iPhone
		{68A7B7B3-C125-42CF-9D6F-9097D41E9FBF}.Debug|ARM.Build.0 = Debug|iPhone
		{68A7B7B3-C125-42CF-9D6F-9097D41E9FBF}.Debug|ARM.Deploy.0 = Debug|iPhone
		{68A7B7B3-C125-42CF-9D6F-9097D41E9FBF}.Debug|iPhone.ActiveCfg = Debug|iPhone
		{68A7B7B3-C125-42CF-9D6F-9097D41E9FBF}.Debug|iPhone.Build.0 = Debug|iPhone
		{68A7B7B3-C125-42CF-9D6F-9097D41E9FBF}.Debug|iPhone.Deploy.0 = Debug|iPhone
		{68A7B7B3-C125-42CF-9D6F-9097D41E9FBF}.Debug|iPhoneSimulator.ActiveCfg = Debug|iPhoneSimulator
		{68A7B7B3-C125-42CF-9D6F-9097D41E9FBF}.Debug|iPhoneSimulator.Build.0 = Debug|iPhoneSimulator
		{68A7B7B3-C125-42CF-9D6F-9097D41E9FBF}.Debug|iPhoneSimulator.Deploy.0 = Debug|iPhoneSimulator
		{68A7B7B3-C125-42CF-9D6F-9097D41E9FBF}.Debug|x64.ActiveCfg = Debug|iPhoneSimulator
		{68A7B7B3-C125-42CF-9D6F-9097D41E9FBF}.Debug|x64.Build.0 = Debug|iPhoneSimulator
		{68A7B7B3-C125-42CF-9D6F-9097D41E9FBF}.Debug|x64.Deploy.0 = Debug|iPhoneSimulator
		{68A7B7B3-C125-42CF-9D6F-9097D41E9FBF}.Debug|x86.ActiveCfg = Debug|iPhoneSimulator
		{68A7B7B3-C125-42CF-9D6F-9097D41E9FBF}.Debug|x86.Build.0 = Debug|iPhoneSimulator
		{68A7B7B3-C125-42CF-9D6F-9097D41E9FBF}.Debug|x86.Deploy.0 = Debug|iPhoneSimulator
		{68A7B7B3-C125-42CF-9D6F-9097D41E9FBF}.Release|Any CPU.ActiveCfg = Release|iPhoneSimulator
		{68A7B7B3-C125-42CF-9D6F-9097D41E9FBF}.Release|Any CPU.Build.0 = Release|iPhoneSimulator
		{68A7B7B3-C125-42CF-9D6F-9097D41E9FBF}.Release|Any CPU.Deploy.0 = Release|iPhoneSimulator
		{68A7B7B3-C125-42CF-9D6F-9097D41E9FBF}.Release|ARM.ActiveCfg = Release|iPhoneSimulator
		{68A7B7B3-C125-42CF-9D6F-9097D41E9FBF}.Release|ARM.Build.0 = Release|iPhoneSimulator
		{68A7B7B3-C125-42CF-9D6F-9097D41E9FBF}.Release|ARM.Deploy.0 = Release|iPhoneSimulator
		{68A7B7B3-C125-42CF-9D6F-9097D41E9FBF}.Release|iPhone.ActiveCfg = Release|iPhone
		{68A7B7B3-C125-42CF-9D6F-9097D41E9FBF}.Release|iPhone.Build.0 = Release|iPhone
		{68A7B7B3-C125-42CF-9D6F-9097D41E9FBF}.Release|iPhone.Deploy.0 = Release|iPhone
		{68A7B7B3-C125-42CF-9D6F-9097D41E9FBF}.Release|iPhoneSimulator.ActiveCfg = Release|iPhoneSimulator
		{68A7B7B3-C125-42CF-9D6F-9097D41E9FBF}.Release|iPhoneSimulator.Build.0 = Release|iPhoneSimulator
		{68A7B7B3-C125-42CF-9D6F-9097D41E9FBF}.Release|iPhoneSimulator.Deploy.0 = Release|iPhoneSimulator
		{68A7B7B3-C125-42CF-9D6F-9097D41E9FBF}.Release|x64.ActiveCfg = Release|iPhoneSimulator
		{68A7B7B3-C125-42CF-9D6F-9097D41E9FBF}.Release|x64.Build.0 = Release|iPhoneSimulator
		{68A7B7B3-C125-42CF-9D6F-9097D41E9FBF}.Release|x64.Deploy.0 = Release|iPhoneSimulator
		{68A7B7B3-C125-42CF-9D6F-9097D41E9FBF}.Release|x86.ActiveCfg = Release|iPhoneSimulator
		{68A7B7B3-C125-42CF-9D6F-9097D41E9FBF}.Release|x86.Build.0 = Release|iPhoneSimulator
		{68A7B7B3-C125-42CF-9D6F-9097D41E9FBF}.Release|x86.Deploy.0 = Release|iPhoneSimulator
		{81616359-D1C0-4171-8FA7-86230E0598ED}.Debug|Any CPU.ActiveCfg = Debug|Any CPU
		{81616359-D1C0-4171-8FA7-86230E0598ED}.Debug|Any CPU.Build.0 = Debug|Any CPU
		{81616359-D1C0-4171-8FA7-86230E0598ED}.Debug|Any CPU.Deploy.0 = Debug|Any CPU
		{81616359-D1C0-4171-8FA7-86230E0598ED}.Debug|ARM.ActiveCfg = Debug|Any CPU
		{81616359-D1C0-4171-8FA7-86230E0598ED}.Debug|ARM.Build.0 = Debug|Any CPU
		{81616359-D1C0-4171-8FA7-86230E0598ED}.Debug|ARM.Deploy.0 = Debug|Any CPU
		{81616359-D1C0-4171-8FA7-86230E0598ED}.Debug|iPhone.ActiveCfg = Debug|Any CPU
		{81616359-D1C0-4171-8FA7-86230E0598ED}.Debug|iPhone.Build.0 = Debug|Any CPU
		{81616359-D1C0-4171-8FA7-86230E0598ED}.Debug|iPhone.Deploy.0 = Debug|Any CPU
		{81616359-D1C0-4171-8FA7-86230E0598ED}.Debug|iPhoneSimulator.ActiveCfg = Debug|Any CPU
		{81616359-D1C0-4171-8FA7-86230E0598ED}.Debug|iPhoneSimulator.Build.0 = Debug|Any CPU
		{81616359-D1C0-4171-8FA7-86230E0598ED}.Debug|iPhoneSimulator.Deploy.0 = Debug|Any CPU
		{81616359-D1C0-4171-8FA7-86230E0598ED}.Debug|x64.ActiveCfg = Debug|Any CPU
		{81616359-D1C0-4171-8FA7-86230E0598ED}.Debug|x64.Build.0 = Debug|Any CPU
		{81616359-D1C0-4171-8FA7-86230E0598ED}.Debug|x64.Deploy.0 = Debug|Any CPU
		{81616359-D1C0-4171-8FA7-86230E0598ED}.Debug|x86.ActiveCfg = Debug|Any CPU
		{81616359-D1C0-4171-8FA7-86230E0598ED}.Debug|x86.Build.0 = Debug|Any CPU
		{81616359-D1C0-4171-8FA7-86230E0598ED}.Debug|x86.Deploy.0 = Debug|Any CPU
		{81616359-D1C0-4171-8FA7-86230E0598ED}.Release|Any CPU.ActiveCfg = Release|Any CPU
		{81616359-D1C0-4171-8FA7-86230E0598ED}.Release|Any CPU.Build.0 = Release|Any CPU
		{81616359-D1C0-4171-8FA7-86230E0598ED}.Release|Any CPU.Deploy.0 = Release|Any CPU
		{81616359-D1C0-4171-8FA7-86230E0598ED}.Release|ARM.ActiveCfg = Release|Any CPU
		{81616359-D1C0-4171-8FA7-86230E0598ED}.Release|ARM.Build.0 = Release|Any CPU
		{81616359-D1C0-4171-8FA7-86230E0598ED}.Release|ARM.Deploy.0 = Release|Any CPU
		{81616359-D1C0-4171-8FA7-86230E0598ED}.Release|iPhone.ActiveCfg = Release|Any CPU
		{81616359-D1C0-4171-8FA7-86230E0598ED}.Release|iPhone.Build.0 = Release|Any CPU
		{81616359-D1C0-4171-8FA7-86230E0598ED}.Release|iPhone.Deploy.0 = Release|Any CPU
		{81616359-D1C0-4171-8FA7-86230E0598ED}.Release|iPhoneSimulator.ActiveCfg = Release|Any CPU
		{81616359-D1C0-4171-8FA7-86230E0598ED}.Release|iPhoneSimulator.Build.0 = Release|Any CPU
		{81616359-D1C0-4171-8FA7-86230E0598ED}.Release|iPhoneSimulator.Deploy.0 = Release|Any CPU
		{81616359-D1C0-4171-8FA7-86230E0598ED}.Release|x64.ActiveCfg = Release|Any CPU
		{81616359-D1C0-4171-8FA7-86230E0598ED}.Release|x64.Build.0 = Release|Any CPU
		{81616359-D1C0-4171-8FA7-86230E0598ED}.Release|x64.Deploy.0 = Release|Any CPU
		{81616359-D1C0-4171-8FA7-86230E0598ED}.Release|x86.ActiveCfg = Release|Any CPU
		{81616359-D1C0-4171-8FA7-86230E0598ED}.Release|x86.Build.0 = Release|Any CPU
		{81616359-D1C0-4171-8FA7-86230E0598ED}.Release|x86.Deploy.0 = Release|Any CPU
	EndGlobalSection
	GlobalSection(SolutionProperties) = preSolution
		HideSolutionNode = FALSE
	EndGlobalSection
	GlobalSection(ExtensibilityGlobals) = postSolution
		SolutionGuid = {24D3C391-8781-4799-BDC9-969EE87A9DBC}
	EndGlobalSection
EndGlobal
